
Microsoft Visual Studio Solution File, Format Version 12.00
Project("{FAE04EC0-301F-11D3-BF4B-00C04F79EFBC}") = "ADO.NET 1", "ADO.NET 1\ADO.NET 1.csproj", "{2AC1314C-B3B7-4FAF-A505-04CDAC9F95A8}"
EndProject
Global
	GlobalSection(SolutionConfigurationPlatforms) = preSolution
		Debug|Any CPU = Debug|Any CPU
		Release|Any CPU = Release|Any CPU
	EndGlobalSection
	GlobalSection(ProjectConfigurationPlatforms) = postSolution
		{2AC1314C-B3B7-4FAF-A505-04CDAC9F95A8}.Debug|Any CPU.ActiveCfg = Debug|Any CPU
		{2AC1314C-B3B7-4FAF-A505-04CDAC9F95A8}.Debug|Any CPU.Build.0 = Debug|Any CPU
		{2AC1314C-B3B7-4FAF-A505-04CDAC9F95A8}.Release|Any CPU.ActiveCfg = Release|Any CPU
		{2AC1314C-B3B7-4FAF-A505-04CDAC9F95A8}.Release|Any CPU.Build.0 = Release|Any CPU
	EndGlobalSection
EndGlobal
